version: v2
locks:
  f/development/1_whatsapp_context_loading: c231f6430873e6f4ef66a7c99c3a3a069a7406ccd121a4617b5b19b0266c8b34
  f/development/2_whatsapp_llm_processing: d5dec80764b5cc91757d1a4443c4f464ec94b973d6a8c98f6689ec7469120166
  f/development/3_1_send_reply_to_whatsapp: b66b4b85462963607cd91c5d42c9f0e55f97b3981300c1cb320cd47672492821
  f/development/4__save_chat_history: 5288ed02d9c23bdb4e9a4ad4211038c2e02fcc24f37615b9ed73c6151a83b05d
  f/development/4_save_chat_history: 34c032e6978d4884c6eb7b3736528f9b2e9805f6f3151c57bee5c498c0ebf6e3
  f/development/5__log_usage: 3a5c4db27711da5f0c45be6a2486e58e99d99cafed58f9bbc0ecd3fb23fa65e5
  f/development/5_log_usage: b24b32dd8090760472fa0e505b685380d39ceb578e6229b3ff62c334ec11b735
  f/development/ingest_multiple_urls: 4ef4dea3dd8be1fdf2f27c402e6e93d7c0f2cbd006729fb6a2124d28ad68c32c
  f/development/RAG_process_documents: 518f4b97a815392da44afced949c7ae848409fc28d6b7073fa0eaf6c1743544f
  f/development/upload_document: a8d4d4a96d52bd7acb4420b2248e39ab6381b4359fb42ec7d8a0688273afbd30
  f/development/utils/alert_on_failure: 2c7fd9cbda89a9706d4550f8108adb206d59c55d2a2791ecd11da3e04a7cf9a5
  f/development/utils/check_knowledge_quota: 0f62820893f8c5720b41dd0c67794d4da0235a5df392a3675d423d596f9360ba
  f/development/utils/web_crawler: d3624711c27579f4ba0559f10e06460ae99a638e4e48cf4e83694e8885952a42
  f/development/whatsapp-webhook: f201f7144a9df42f8d98c3b8501a7038e7c7437f6d4e53bfb520af551469cae8
  f/development/whatsapp-webhook-preprocessor: 8c6c845cb934ec09d72b6ffb60123bb5a0e8670ff88d989dfa83101aa6e66723
