version: v2
locks:
  f/development/1_whatsapp_context_loading: af50cfc1f367272444a7513d916cd10458f255c75df7f565ed2ff4c4980f0fd2
  f/development/2_whatsapp_llm_processing: 6b8241ea6f8d9fca4f566cfc98efa33fcb3e9df6e54d20afea1e6ab025c074de
  f/development/3_1_send_reply_to_whatsapp: 6c67aa06a3ff8486fb693a8e00e250766b8e776c764a116f81ceb62b836984f1
  f/development/4_save_chat_history: 480730539b4073362c3ae749c7248da0d0c788bbc0c403a04185ff9c4b45a0ba
  f/development/5_log_usage: 020bf937d5d9c53c075b63bd049e62e5929ef9c46a05fcda233e7850cb688d2f
  f/development/ingest_multiple_urls: 4ef4dea3dd8be1fdf2f27c402e6e93d7c0f2cbd006729fb6a2124d28ad68c32c
  f/development/RAG_process_documents: 518f4b97a815392da44afced949c7ae848409fc28d6b7073fa0eaf6c1743544f
  f/development/upload_document: a8d4d4a96d52bd7acb4420b2248e39ab6381b4359fb42ec7d8a0688273afbd30
  f/development/utils/alert_on_failure: d9a7d0c7b261b6de9c764a90ecf3c23b83ff790a0ff7a98ee5fea166de1ddfdf
  f/development/utils/check_knowledge_quota: faec4c00b7f468b6003f4f77477ad093f7c21b6c8d7fd9033f93642efc621e19
  f/development/utils/db_utils: 63837c88914b2d329188654acccfc34da5bd25fc0bda832067337ebd3e620873
  f/development/utils/flow_utils: 7a31517d3b9e0b25e73aa302d165ab1ad1b1b097907812cd89d94e39d3ff4f68
  f/development/utils/web_crawler: d3624711c27579f4ba0559f10e06460ae99a638e4e48cf4e83694e8885952a42
